Microsoft Visual Studio Solution File, Format Version 12.00
# Visual Studio Version 17
VisualStudioVersion = 17.5.2.0
MinimumVisualStudioVersion = 10.0.40219.1
Project("{FAE04EC0-301F-11D3-BF4B-00C04F79EFBC}") = "primero", "primero.csproj", "{39AAA4AF-D059-A93F-5BC9-44B5CF47D96A}"
EndProject
Global
	GlobalSection(SolutionConfigurationPlatforms) = preSolution
		Debug|Any CPU = Debug|Any CPU
		Release|Any CPU = Release|Any CPU
	EndGlobalSection
	GlobalSection(ProjectConfigurationPlatforms) = postSolution
		{39AAA4AF-D059-A93F-5BC9-44B5CF47D96A}.Debug|Any CPU.ActiveCfg = Debug|Any CPU
		{39AAA4AF-D059-A93F-5BC9-44B5CF47D96A}.Debug|Any CPU.Build.0 = Debug|Any CPU
		{39AAA4AF-D059-A93F-5BC9-44B5CF47D96A}.Release|Any CPU.ActiveCfg = Release|Any CPU
		{39AAA4AF-D059-A93F-5BC9-44B5CF47D96A}.Release|Any CPU.Build.0 = Release|Any CPU
	EndGlobalSection
	GlobalSection(SolutionProperties) = preSolution
		HideSolutionNode = FALSE
	EndGlobalSection
	GlobalSection(ExtensibilityGlobals) = postSolution
		SolutionGuid = {DF3A50CB-7C52-4F1D-934A-1FFF9F7209B7}
	EndGlobalSection
EndGlobal
